
Microsoft Visual Studio Solution File, Format Version 12.00
# Visual Studio Version 16
VisualStudioVersion = 16.0.30011.22
MinimumVisualStudioVersion = 10.0.40219.1
Project("{FAE04EC0-301F-11D3-BF4B-00C04F79EFBC}") = "Department", "Department\Department.csproj", "{E8FD771D-C775-415A-B94D-01CB2FAC86E3}"
EndProject
Project("{FAE04EC0-301F-11D3-BF4B-00C04F79EFBC}") = "Services", "..\..\Services\Services\Services\Services.csproj", "{DCB5BDE2-6238-422D-AD4E-F53AFCE9BF30}"
EndProject
Project("{FAE04EC0-301F-11D3-BF4B-00C04F79EFBC}") = "Notification", "..\..\RealState\RealState\Notification\Notification.csproj", "{44A0F109-DF64-482C-BEFB-DF20038EE4DF}"
EndProject
Project("{FAE04EC0-301F-11D3-BF4B-00C04F79EFBC}") = "DataBaseUtilities", "..\..\DataBaseUtilities\DataBaseUtilities\DataBaseUtilities\DataBaseUtilities.csproj", "{6C91D45F-9AB2-4202-916B-DC256BDC02D7}"
EndProject
Project("{FAE04EC0-301F-11D3-BF4B-00C04F79EFBC}") = "SoftwareLock", "..\..\SoftwareLock\SoftwareLock\SoftwareLock\SoftwareLock.csproj", "{00D987F6-802C-45E1-A81C-F12FF68265A2}"
EndProject
Project("{FAE04EC0-301F-11D3-BF4B-00C04F79EFBC}") = "Sms", "..\..\Sms\Sms\Sms\Sms.csproj", "{B3FB214C-0212-4375-A063-742B58BCB925}"
EndProject
Project("{FAE04EC0-301F-11D3-BF4B-00C04F79EFBC}") = "DepartmentDal", "DepartmentDal\DepartmentDal.csproj", "{29808FAC-36C9-43BC-AD9A-343D03B6F114}"
EndProject
Project("{FAE04EC0-301F-11D3-BF4B-00C04F79EFBC}") = "WindowsSerivces", "..\..\Services\Services\WindowsSerivces\WindowsSerivces.csproj", "{BF7C9BB1-0E5A-44B9-AA1A-59A9A2795EF5}"
EndProject
Global
	GlobalSection(SolutionConfigurationPlatforms) = preSolution
		Debug|Any CPU = Debug|Any CPU
		Release|Any CPU = Release|Any CPU
	EndGlobalSection
	GlobalSection(ProjectConfigurationPlatforms) = postSolution
		{E8FD771D-C775-415A-B94D-01CB2FAC86E3}.Debug|Any CPU.ActiveCfg = Debug|Any CPU
		{E8FD771D-C775-415A-B94D-01CB2FAC86E3}.Debug|Any CPU.Build.0 = Debug|Any CPU
		{E8FD771D-C775-415A-B94D-01CB2FAC86E3}.Release|Any CPU.ActiveCfg = Release|Any CPU
		{E8FD771D-C775-415A-B94D-01CB2FAC86E3}.Release|Any CPU.Build.0 = Release|Any CPU
		{DCB5BDE2-6238-422D-AD4E-F53AFCE9BF30}.Debug|Any CPU.ActiveCfg = Debug|Any CPU
		{DCB5BDE2-6238-422D-AD4E-F53AFCE9BF30}.Debug|Any CPU.Build.0 = Debug|Any CPU
		{DCB5BDE2-6238-422D-AD4E-F53AFCE9BF30}.Release|Any CPU.ActiveCfg = Release|Any CPU
		{DCB5BDE2-6238-422D-AD4E-F53AFCE9BF30}.Release|Any CPU.Build.0 = Release|Any CPU
		{44A0F109-DF64-482C-BEFB-DF20038EE4DF}.Debug|Any CPU.ActiveCfg = Debug|Any CPU
		{44A0F109-DF64-482C-BEFB-DF20038EE4DF}.Debug|Any CPU.Build.0 = Debug|Any CPU
		{44A0F109-DF64-482C-BEFB-DF20038EE4DF}.Release|Any CPU.ActiveCfg = Release|Any CPU
		{44A0F109-DF64-482C-BEFB-DF20038EE4DF}.Release|Any CPU.Build.0 = Release|Any CPU
		{6C91D45F-9AB2-4202-916B-DC256BDC02D7}.Debug|Any CPU.ActiveCfg = Debug|Any CPU
		{6C91D45F-9AB2-4202-916B-DC256BDC02D7}.Debug|Any CPU.Build.0 = Debug|Any CPU
		{6C91D45F-9AB2-4202-916B-DC256BDC02D7}.Release|Any CPU.ActiveCfg = Release|Any CPU
		{6C91D45F-9AB2-4202-916B-DC256BDC02D7}.Release|Any CPU.Build.0 = Release|Any CPU
		{00D987F6-802C-45E1-A81C-F12FF68265A2}.Debug|Any CPU.ActiveCfg = Debug|Any CPU
		{00D987F6-802C-45E1-A81C-F12FF68265A2}.Debug|Any CPU.Build.0 = Debug|Any CPU
		{00D987F6-802C-45E1-A81C-F12FF68265A2}.Release|Any CPU.ActiveCfg = Release|Any CPU
		{00D987F6-802C-45E1-A81C-F12FF68265A2}.Release|Any CPU.Build.0 = Release|Any CPU
		{B3FB214C-0212-4375-A063-742B58BCB925}.Debug|Any CPU.ActiveCfg = Debug|Any CPU
		{B3FB214C-0212-4375-A063-742B58BCB925}.Debug|Any CPU.Build.0 = Debug|Any CPU
		{B3FB214C-0212-4375-A063-742B58BCB925}.Release|Any CPU.ActiveCfg = Release|Any CPU
		{B3FB214C-0212-4375-A063-742B58BCB925}.Release|Any CPU.Build.0 = Release|Any CPU
		{29808FAC-36C9-43BC-AD9A-343D03B6F114}.Debug|Any CPU.ActiveCfg = Debug|Any CPU
		{29808FAC-36C9-43BC-AD9A-343D03B6F114}.Debug|Any CPU.Build.0 = Debug|Any CPU
		{29808FAC-36C9-43BC-AD9A-343D03B6F114}.Release|Any CPU.ActiveCfg = Release|Any CPU
		{29808FAC-36C9-43BC-AD9A-343D03B6F114}.Release|Any CPU.Build.0 = Release|Any CPU
		{BF7C9BB1-0E5A-44B9-AA1A-59A9A2795EF5}.Debug|Any CPU.ActiveCfg = Debug|Any CPU
		{BF7C9BB1-0E5A-44B9-AA1A-59A9A2795EF5}.Debug|Any CPU.Build.0 = Debug|Any CPU
		{BF7C9BB1-0E5A-44B9-AA1A-59A9A2795EF5}.Release|Any CPU.ActiveCfg = Release|Any CPU
		{BF7C9BB1-0E5A-44B9-AA1A-59A9A2795EF5}.Release|Any CPU.Build.0 = Release|Any CPU
	EndGlobalSection
	GlobalSection(SolutionProperties) = preSolution
		HideSolutionNode = FALSE
	EndGlobalSection
	GlobalSection(ExtensibilityGlobals) = postSolution
		SolutionGuid = {4564E25E-E2BB-49B0-9C97-52302E8773D1}
	EndGlobalSection
EndGlobal
